
Microsoft Visual Studio Solution File, Format Version 12.00
# Visual Studio Version 16
VisualStudioVersion = 16.0.29403.142
MinimumVisualStudioVersion = 10.0.40219.1
Project("{FAE04EC0-301F-11D3-BF4B-00C04F79EFBC}") = "Pokemon-Api", "Pokemon-Api\Pokemon-Api.csproj", "{3BF636DC-46BE-40EE-ADEC-B9DB74A79C8B}"
EndProject
Global
	GlobalSection(SolutionConfigurationPlatforms) = preSolution
		Debug|Any CPU = Debug|Any CPU
		Release|Any CPU = Release|Any CPU
	EndGlobalSection
	GlobalSection(ProjectConfigurationPlatforms) = postSolution
		{3BF636DC-46BE-40EE-ADEC-B9DB74A79C8B}.Debug|Any CPU.ActiveCfg = Debug|Any CPU
		{3BF636DC-46BE-40EE-ADEC-B9DB74A79C8B}.Debug|Any CPU.Build.0 = Debug|Any CPU
		{3BF636DC-46BE-40EE-ADEC-B9DB74A79C8B}.Release|Any CPU.ActiveCfg = Release|Any CPU
		{3BF636DC-46BE-40EE-ADEC-B9DB74A79C8B}.Release|Any CPU.Build.0 = Release|Any CPU
	EndGlobalSection
	GlobalSection(SolutionProperties) = preSolution
		HideSolutionNode = FALSE
	EndGlobalSection
	GlobalSection(ExtensibilityGlobals) = postSolution
		SolutionGuid = {B15A1ACE-DD47-4B75-92B8-A25B0A5779BA}
	EndGlobalSection
EndGlobal
